// !$*UTF8*$!
{
	archiveVersion = 1;
	classes = {
	};
	objectVersion = 50;
	objects = {

/* Begin PBXBuildFile section */
		3B3EC6F4213993160086C4E5 /* AppDelegate.swift in Sources */ = {isa = PBXBuildFile; fileRef = 3B3EC6F3213993160086C4E5 /* AppDelegate.swift */; };
		3B3EC6F9213993160086C4E5 /* Main.storyboard in Resources */ = {isa = PBXBuildFile; fileRef = 3B3EC6F7213993160086C4E5 /* Main.storyboard */; };
		3B3EC6FB213993170086C4E5 /* Assets.xcassets in Resources */ = {isa = PBXBuildFile; fileRef = 3B3EC6FA213993170086C4E5 /* Assets.xcassets */; };
		3B3EC6FE213993170086C4E5 /* LaunchScreen.storyboard in Resources */ = {isa = PBXBuildFile; fileRef = 3B3EC6FC213993170086C4E5 /* LaunchScreen.storyboard */; };
		3B3EC70A2139954F0086C4E5 /* ItemListTableViewController.swift in Sources */ = {isa = PBXBuildFile; fileRef = 3B3EC7092139954F0086C4E5 /* ItemListTableViewController.swift */; };
		3B3EC70D2139958A0086C4E5 /* ShoppingList.xcdatamodeld in Sources */ = {isa = PBXBuildFile; fileRef = 3B3EC70B2139958A0086C4E5 /* ShoppingList.xcdatamodeld */; };
		3B3EC70F213995FC0086C4E5 /* CoreDataStack.swift in Sources */ = {isa = PBXBuildFile; fileRef = 3B3EC70E213995FC0086C4E5 /* CoreDataStack.swift */; };
		3B3EC7112139965B0086C4E5 /* Item+Convenience.swift in Sources */ = {isa = PBXBuildFile; fileRef = 3B3EC7102139965B0086C4E5 /* Item+Convenience.swift */; };
/* End PBXBuildFile section */

/* Begin PBXFileReference section */
		3B3EC6F0213993160086C4E5 /* ShoppingList.app */ = {isa = PBXFileReference; explicitFileType = wrapper.application; includeInIndex = 0; path = ShoppingList.app; sourceTree = BUILT_PRODUCTS_DIR; };
		3B3EC6F3213993160086C4E5 /* AppDelegate.swift */ = {isa = PBXFileReference; lastKnownFileType = sourcecode.swift; path = AppDelegate.swift; sourceTree = "<group>"; };
		3B3EC6F8213993160086C4E5 /* Base */ = {isa = PBXFileReference; lastKnownFileType = file.storyboard; name = Base; path = Base.lproj/Main.storyboard; sourceTree = "<group>"; };
		3B3EC6FA213993170086C4E5 /* Assets.xcassets */ = {isa = PBXFileReference; lastKnownFileType = folder.assetcatalog; path = Assets.xcassets; sourceTree = "<group>"; };
		3B3EC6FD213993170086C4E5 /* Base */ = {isa = PBXFileReference; lastKnownFileType = file.storyboard; name = Base; path = Base.lproj/LaunchScreen.storyboard; sourceTree = "<group>"; };
		3B3EC6FF213993170086C4E5 /* Info.plist */ = {isa = PBXFileReference; lastKnownFileType = text.plist.xml; path = Info.plist; sourceTree = "<group>"; };
		3B3EC7092139954F0086C4E5 /* ItemListTableViewController.swift */ = {isa = PBXFileReference; lastKnownFileType = sourcecode.swift; path = ItemListTableViewController.swift; sourceTree = "<group>"; };
		3B3EC70C2139958A0086C4E5 /* ShoppingList.xcdatamodel */ = {isa = PBXFileReference; lastKnownFileType = wrapper.xcdatamodel; path = ShoppingList.xcdatamodel; sourceTree = "<group>"; };
		3B3EC70E213995FC0086C4E5 /* CoreDataStack.swift */ = {isa = PBXFileReference; lastKnownFileType = sourcecode.swift; path = CoreDataStack.swift; sourceTree = "<group>"; };
		3B3EC7102139965B0086C4E5 /* Item+Convenience.swift */ = {isa = PBXFileReference; lastKnownFileType = sourcecode.swift; path = "Item+Convenience.swift"; sourceTree = "<group>"; };
/* End PBXFileReference section */

/* Begin PBXFrameworksBuildPhase section */
		3B3EC6ED213993160086C4E5 /* Frameworks */ = {
			isa = PBXFrameworksBuildPhase;
			buildActionMask = 2147483647;
			files = (
			);
			runOnlyForDeploymentPostprocessing = 0;
		};
/* End PBXFrameworksBuildPhase section */

/* Begin PBXGroup section */
		3B3EC6E7213993160086C4E5 = {
			isa = PBXGroup;
			children = (
				3B3EC6F2213993160086C4E5 /* ShoppingList */,
				3B3EC6F1213993160086C4E5 /* Products */,
			);
			sourceTree = "<group>";
		};
		3B3EC6F1213993160086C4E5 /* Products */ = {
			isa = PBXGroup;
			children = (
				3B3EC6F0213993160086C4E5 /* ShoppingList.app */,
			);
			name = Products;
			sourceTree = "<group>";
		};
		3B3EC6F2213993160086C4E5 /* ShoppingList */ = {
			isa = PBXGroup;
			children = (
				3B3EC7082139949B0086C4E5 /* ViewControllers */,
				3B3EC707213994940086C4E5 /* Models */,
				3B3EC7062139948E0086C4E5 /* Views */,
				3B3EC705213993260086C4E5 /* Resources */,
			);
			path = ShoppingList;
			sourceTree = "<group>";
		};
		3B3EC705213993260086C4E5 /* Resources */ = {
			isa = PBXGroup;
			children = (
				3B3EC6F7213993160086C4E5 /* Main.storyboard */,
				3B3EC6F3213993160086C4E5 /* AppDelegate.swift */,
				3B3EC6FA213993170086C4E5 /* Assets.xcassets */,
				3B3EC6FC213993170086C4E5 /* LaunchScreen.storyboard */,
				3B3EC6FF213993170086C4E5 /* Info.plist */,
			);
			path = Resources;
			sourceTree = "<group>";
		};
		3B3EC7062139948E0086C4E5 /* Views */ = {
			isa = PBXGroup;
			children = (
			);
			path = Views;
			sourceTree = "<group>";
		};
		3B3EC707213994940086C4E5 /* Models */ = {
			isa = PBXGroup;
			children = (
				3B3EC70B2139958A0086C4E5 /* ShoppingList.xcdatamodeld */,
				3B3EC70E213995FC0086C4E5 /* CoreDataStack.swift */,
				3B3EC7102139965B0086C4E5 /* Item+Convenience.swift */,
			);
			path = Models;
			sourceTree = "<group>";
		};
		3B3EC7082139949B0086C4E5 /* ViewControllers */ = {
			isa = PBXGroup;
			children = (
				3B3EC7092139954F0086C4E5 /* ItemListTableViewController.swift */,
			);
			path = ViewControllers;
			sourceTree = "<group>";
		};
/* End PBXGroup section */

/* Begin PBXNativeTarget section */
		3B3EC6EF213993160086C4E5 /* ShoppingList */ = {
			isa = PBXNativeTarget;
			buildConfigurationList = 3B3EC702213993170086C4E5 /* Build configuration list for PBXNativeTarget "ShoppingList" */;
			buildPhases = (
				3B3EC6EC213993160086C4E5 /* Sources */,
				3B3EC6ED213993160086C4E5 /* Frameworks */,
				3B3EC6EE213993160086C4E5 /* Resources */,
			);
			buildRules = (
			);
			dependencies = (
			);
			name = ShoppingList;
			productName = ShoppingList;
			productReference = 3B3EC6F0213993160086C4E5 /* ShoppingList.app */;
			productType = "com.apple.product-type.application";
		};
/* End PBXNativeTarget section */

/* Begin PBXProject section */
		3B3EC6E8213993160086C4E5 /* Project object */ = {
			isa = PBXProject;
			attributes = {
				LastSwiftUpdateCheck = 0940;
				LastUpgradeCheck = 0940;
				ORGANIZATIONNAME = "Kamil Wrobel";
				TargetAttributes = {
					3B3EC6EF213993160086C4E5 = {
						CreatedOnToolsVersion = 9.4.1;
					};
				};
			};
			buildConfigurationList = 3B3EC6EB213993160086C4E5 /* Build configuration list for PBXProject "ShoppingList" */;
			compatibilityVersion = "Xcode 9.3";
			developmentRegion = en;
			hasScannedForEncodings = 0;
			knownRegions = (
				en,
				Base,
			);
			mainGroup = 3B3EC6E7213993160086C4E5;
			productRefGroup = 3B3EC6F1213993160086C4E5 /* Products */;
			projectDirPath = "";
			projectRoot = "";
			targets = (
				3B3EC6EF213993160086C4E5 /* ShoppingList */,
			);
		};
/* End PBXProject section */

/* Begin PBXResourcesBuildPhase section */
		3B3EC6EE213993160086C4E5 /* Resources */ = {
			isa = PBXResourcesBuildPhase;
			buildActionMask = 2147483647;
			files = (
				3B3EC6FE213993170086C4E5 /* LaunchScreen.storyboard in Resources */,
				3B3EC6FB213993170086C4E5 /* Assets.xcassets in Resources */,
				3B3EC6F9213993160086C4E5 /* Main.storyboard in Resources */,
			);
			runOnlyForDeploymentPostprocessing = 0;
		};
/* End PBXResourcesBuildPhase section */

/* Begin PBXSourcesBuildPhase section */
		3B3EC6EC213993160086C4E5 /* Sources */ = {
			isa = PBXSourcesBuildPhase;
			buildActionMask = 2147483647;
			files = (
				3B3EC70D2139958A0086C4E5 /* ShoppingList.xcdatamodeld in Sources */,
				3B3EC7112139965B0086C4E5 /* Item+Convenience.swift in Sources */,
				3B3EC70A2139954F0086C4E5 /* ItemListTableViewController.swift in Sources */,
				3B3EC6F4213993160086C4E5 /* AppDelegate.swift in Sources */,
				3B3EC70F213995FC0086C4E5 /* CoreDataStack.swift in Sources */,
			);
			runOnlyForDeploymentPostprocessing = 0;
		};
/* End PBXSourcesBuildPhase section */

/* Begin PBXVariantGroup section */
		3B3EC6F7213993160086C4E5 /* Main.storyboard */ = {
			isa = PBXVariantGroup;
			children = (
				3B3EC6F8213993160086C4E5 /* Base */,
			);
			name = Main.storyboard;
			sourceTree = "<group>";
		};
		3B3EC6FC213993170086C4E5 /* LaunchScreen.storyboard */ = {
			isa = PBXVariantGroup;
			children = (
				3B3EC6FD213993170086C4E5 /* Base */,
			);
			name = LaunchScreen.storyboard;
			sourceTree = "<group>";
		};
/* End PBXVariantGroup section */

/* Begin XCBuildConfiguration section */
		3B3EC700213993170086C4E5 /* Debug */ = {
			isa = XCBuildConfiguration;
			buildSettings = {
				ALWAYS_SEARCH_USER_PATHS = NO;
				CLANG_ANALYZER_NONNULL = YES;
				CLANG_ANALYZER_NUMBER_OBJECT_CONVERSION = YES_AGGRESSIVE;
				CLANG_CXX_LANGUAGE_STANDARD = "gnu++14";
				CLANG_CXX_LIBRARY = "libc++";
				CLANG_ENABLE_MODULES = YES;
				CLANG_ENABLE_OBJC_ARC = YES;
				CLANG_ENABLE_OBJC_WEAK = YES;
				CLANG_WARN_BLOCK_CAPTURE_AUTORELEASING = YES;
				CLANG_WARN_BOOL_CONVERSION = YES;
				CLANG_WARN_COMMA = YES;
				CLANG_WARN_CONSTANT_CONVERSION = YES;
				CLANG_WARN_DEPRECATED_OBJC_IMPLEMENTATIONS = YES;
				CLANG_WARN_DIRECT_OBJC_ISA_USAGE = YES_ERROR;
				CLANG_WARN_DOCUMENTATION_COMMENTS = YES;
				CLANG_WARN_EMPTY_BODY = YES;
				CLANG_WARN_ENUM_CONVERSION = YES;
				CLANG_WARN_INFINITE_RECURSION = YES;
				CLANG_WARN_INT_CONVERSION = YES;
				CLANG_WARN_NON_LITERAL_NULL_CONVERSION = YES;
				CLANG_WARN_OBJC_IMPLICIT_RETAIN_SELF = YES;
				CLANG_WARN_OBJC_LITERAL_CONVERSION = YES;
				CLANG_WARN_OBJC_ROOT_CLASS = YES_ERROR;
				CLANG_WARN_RANGE_LOOP_ANALYSIS = YES;
				CLANG_WARN_STRICT_PROTOTYPES = YES;
				CLANG_WARN_SUSPICIOUS_MOVE = YES;
				CLANG_WARN_UNGUARDED_AVAILABILITY = YES_AGGRESSIVE;
				CLANG_WARN_UNREACHABLE_CODE = YES;
				CLANG_WARN__DUPLICATE_METHOD_MATCH = YES;
				CODE_SIGN_IDENTITY = "iPhone Developer";
				COPY_PHASE_STRIP = NO;
				DEBUG_INFORMATION_FORMAT = dwarf;
				ENABLE_STRICT_OBJC_MSGSEND = YES;
				ENABLE_TESTABILITY = YES;
				GCC_C_LANGUAGE_STANDARD = gnu11;
				GCC_DYNAMIC_NO_PIC = NO;
				GCC_NO_COMMON_BLOCKS = YES;
				GCC_OPTIMIZATION_LEVEL = 0;
				GCC_PREPROCESSOR_DEFINITIONS = (
					"DEBUG=1",
					"$(inherited)",
				);
				GCC_WARN_64_TO_32_BIT_CONVERSION = YES;
				GCC_WARN_ABOUT_RETURN_TYPE = YES_ERROR;
				GCC_WARN_UNDECLARED_SELECTOR = YES;
				GCC_WARN_UNINITIALIZED_AUTOS = YES_AGGRESSIVE;
				GCC_WARN_UNUSED_FUNCTION = YES;
				GCC_WARN_UNUSED_VARIABLE = YES;
				IPHONEOS_DEPLOYMENT_TARGET = 11.4;
				MTL_ENABLE_DEBUG_INFO = YES;
				ONLY_ACTIVE_ARCH = YES;
				SDKROOT = iphoneos;
				SWIFT_ACTIVE_COMPILATION_CONDITIONS = DEBUG;
				SWIFT_OPTIMIZATION_LEVEL = "-Onone";
			};
			name = Debug;
		};
		3B3EC701213993170086C4E5 /* Release */ = {
			isa = XCBuildConfiguration;
			buildSettings = {
				ALWAYS_SEARCH_USER_PATHS = NO;
				CLANG_ANALYZER_NONNULL = YES;
				CLANG_ANALYZER_NUMBER_OBJECT_CONVERSION = YES_AGGRESSIVE;
				CLANG_CXX_LANGUAGE_STANDARD = "gnu++14";
				CLANG_CXX_LIBRARY = "libc++";
				CLANG_ENABLE_MODULES = YES;
				CLANG_ENABLE_OBJC_ARC = YES;
				CLANG_ENABLE_OBJC_WEAK = YES;
				CLANG_WARN_BLOCK_CAPTURE_AUTORELEASING = YES;
				CLANG_WARN_BOOL_CONVERSION = YES;
				CLANG_WARN_COMMA = YES;
				CLANG_WARN_CONSTANT_CONVERSION = YES;
				CLANG_WARN_DEPRECATED_OBJC_IMPLEMENTATIONS = YES;
				CLANG_WARN_DIRECT_OBJC_ISA_USAGE = YES_ERROR;
				CLANG_WARN_DOCUMENTATION_COMMENTS = YES;
				CLANG_WARN_EMPTY_BODY = YES;
				CLANG_WARN_ENUM_CONVERSION = YES;
				CLANG_WARN_INFINITE_RECURSION = YES;
				CLANG_WARN_INT_CONVERSION = YES;
				CLANG_WARN_NON_LITERAL_NULL_CONVERSION = YES;
				CLANG_WARN_OBJC_IMPLICIT_RETAIN_SELF = YES;
				CLANG_WARN_OBJC_LITERAL_CONVERSION = YES;
				CLANG_WARN_OBJC_ROOT_CLASS = YES_ERROR;
				CLANG_WARN_RANGE_LOOP_ANALYSIS = YES;
				CLANG_WARN_STRICT_PROTOTYPES = YES;
				CLANG_WARN_SUSPICIOUS_MOVE = YES;
				CLANG_WARN_UNGUARDED_AVAILABILITY = YES_AGGRESSIVE;
				CLANG_WARN_UNREACHABLE_CODE = YES;
				CLANG_WARN__DUPLICATE_METHOD_MATCH = YES;
				CODE_SIGN_IDENTITY = "iPhone Developer";
				COPY_PHASE_STRIP = NO;
				DEBUG_INFORMATION_FORMAT = "dwarf-with-dsym";
				ENABLE_NS_ASSERTIONS = NO;
				ENABLE_STRICT_OBJC_MSGSEND = YES;
				GCC_C_LANGUAGE_STANDARD = gnu11;
				GCC_NO_COMMON_BLOCKS = YES;
				GCC_WARN_64_TO_32_BIT_CONVERSION = YES;
				GCC_WARN_ABOUT_RETURN_TYPE = YES_ERROR;
				GCC_WARN_UNDECLARED_SELECTOR = YES;
				GCC_WARN_UNINITIALIZED_AUTOS = YES_AGGRESSIVE;
				GCC_WARN_UNUSED_FUNCTION = YES;
				GCC_WARN_UNUSED_VARIABLE = YES;
				IPHONEOS_DEPLOYMENT_TARGET = 11.4;
				MTL_ENABLE_DEBUG_INFO = NO;
				SDKROOT = iphoneos;
				SWIFT_COMPILATION_MODE = wholemodule;
				SWIFT_OPTIMIZATION_LEVEL = "-O";
				VALIDATE_PRODUCT = YES;
			};
			name = Release;
		};
		3B3EC703213993170086C4E5 /* Debug */ = {
			isa = XCBuildConfiguration;
			buildSettings = {
				ASSETCATALOG_COMPILER_APPICON_NAME = AppIcon;
				CODE_SIGN_STYLE = Automatic;
				DEVELOPMENT_TEAM = 5EAUJPVR66;
				INFOPLIST_FILE = "$(SRCROOT)/ShoppingList/Resources/Info.plist";
				LD_RUNPATH_SEARCH_PATHS = (
					"$(inherited)",
					"@executable_path/Frameworks",
				);
				PRODUCT_BUNDLE_IDENTIFIER = com.xwrobelekx.ShoppingList;
				PRODUCT_NAME = "$(TARGET_NAME)";
				SWIFT_VERSION = 4.0;
				TARGETED_DEVICE_FAMILY = "1,2";
			};
			name = Debug;
		};
		3B3EC704213993170086C4E5 /* Release */ = {
			isa = XCBuildConfiguration;
			buildSettings = {
				ASSETCATALOG_COMPILER_APPICON_NAME = AppIcon;
				CODE_SIGN_STYLE = Automatic;
				DEVELOPMENT_TEAM = 5EAUJPVR66;
				INFOPLIST_FILE = "$(SRCROOT)/ShoppingList/Resources/Info.plist";
				LD_RUNPATH_SEARCH_PATHS = (
					"$(inherited)",
					"@executable_path/Frameworks",
				);
				PRODUCT_BUNDLE_IDENTIFIER = com.xwrobelekx.ShoppingList;
				PRODUCT_NAME = "$(TARGET_NAME)";
				SWIFT_VERSION = 4.0;
				TARGETED_DEVICE_FAMILY = "1,2";
			};
			name = Release;
		};
/* End XCBuildConfiguration section */

/* Begin XCConfigurationList section */
		3B3EC6EB213993160086C4E5 /* Build configuration list for PBXProject "ShoppingList" */ = {
			isa = XCConfigurationList;
			buildConfigurations = (
				3B3EC700213993170086C4E5 /* Debug */,
				3B3EC701213993170086C4E5 /* Release */,
			);
			defaultConfigurationIsVisible = 0;
			defaultConfigurationName = Release;
		};
		3B3EC702213993170086C4E5 /* Build configuration list for PBXNativeTarget "ShoppingList" */ = {
			isa = XCConfigurationList;
			buildConfigurations = (
				3B3EC703213993170086C4E5 /* Debug */,
				3B3EC704213993170086C4E5 /* Release */,
			);
			defaultConfigurationIsVisible = 0;
			defaultConfigurationName = Release;
		};
/* End XCConfigurationList section */

/* Begin XCVersionGroup section */
		3B3EC70B2139958A0086C4E5 /* ShoppingList.xcdatamodeld */ = {
			isa = XCVersionGroup;
			children = (
				3B3EC70C2139958A0086C4E5 /* ShoppingList.xcdatamodel */,
			);
			currentVersion = 3B3EC70C2139958A0086C4E5 /* ShoppingList.xcdatamodel */;
			path = ShoppingList.xcdatamodeld;
			sourceTree = "<group>";
			versionGroupType = wrapper.xcdatamodel;
		};
/* End XCVersionGroup section */
	};
	rootObject = 3B3EC6E8213993160086C4E5 /* Project object */;
}
